[{<<"bitcask">>,
  {git,"https://git.sr.ht/~cmoid/bitcask",
       {ref,"dd96f6dd84a1cad68ccc21959ba56b0426434d85"}},
  0},
 {<<"enacl">>,
  {git,"https://git.sr.ht/~cmoid/enacl",
       {ref,"9919871e5313df24497914bb50791f0690a3be97"}},
  0},
 {<<"jiffy">>,
  {git,"https://git.sr.ht/~cmoid/jiffy",
       {ref,"2ecd21acfb0685d1f9b52006978123eb1e798ac1"}},
  0},
 {<<"ranch">>,
  {git,"https://git.sr.ht/~cmoid/ranch",
       {ref,"cbfed2c3c70f7ef4bef3479e65acc10d08903304"}},
  0}].
