[{<<"bitcask">>,
  {git,"https://git.sr.ht/~cmoid/bitcask",
       {ref,"c524fae0103a5c6d13a0b3b404b0c8d5f39a45e1"}},
  0},
 {<<"enacl">>,
  {git,"https://git.sr.ht/~cmoid/enacl",
       {ref,"df926eefd159a3d328662c00cbb3b219ea03d5ff"}},
  0},
 {<<"jiffy">>,
  {git,"https://git.sr.ht/~cmoid/jiffy",
       {ref,"c3bf93a889aedcae90c8b201a2b3c6e08a6fc7e2"}},
  0},
 {<<"ranch">>,
  {git,"https://git.sr.ht/~cmoid/ranch",
       {ref,"cbfed2c3c70f7ef4bef3479e65acc10d08903304"}},
  0}].
